
Microsoft Visual Studio Solution File, Format Version 11.00
# Visual Studio 2010
Project("{FAE04EC0-301F-11D3-BF4B-00C04F79EFBC}") = "Z3", "Assembly-CSharp.csproj", "{19716E22-9CDF-F2CA-1F4C-74B31DF1B396}"
EndProject
Project("{FAE04EC0-301F-11D3-BF4B-00C04F79EFBC}") = "Z3", "Assembly-CSharp-Editor.csproj", "{2B81F854-8842-54DC-22CD-839A3B6E5B9B}"
EndProject
Global
	GlobalSection(SolutionConfigurationPlatforms) = preSolution
		Debug|Any CPU = Debug|Any CPU
		Release|Any CPU = Release|Any CPU
	EndGlobalSection
	GlobalSection(ProjectConfigurationPlatforms) = postSolution
		{19716E22-9CDF-F2CA-1F4C-74B31DF1B396}.Debug|Any CPU.ActiveCfg = Debug|Any CPU
		{19716E22-9CDF-F2CA-1F4C-74B31DF1B396}.Debug|Any CPU.Build.0 = Debug|Any CPU
		{19716E22-9CDF-F2CA-1F4C-74B31DF1B396}.Release|Any CPU.ActiveCfg = Release|Any CPU
		{19716E22-9CDF-F2CA-1F4C-74B31DF1B396}.Release|Any CPU.Build.0 = Release|Any CPU
		{2B81F854-8842-54DC-22CD-839A3B6E5B9B}.Debug|Any CPU.ActiveCfg = Debug|Any CPU
		{2B81F854-8842-54DC-22CD-839A3B6E5B9B}.Debug|Any CPU.Build.0 = Debug|Any CPU
		{2B81F854-8842-54DC-22CD-839A3B6E5B9B}.Release|Any CPU.ActiveCfg = Release|Any CPU
		{2B81F854-8842-54DC-22CD-839A3B6E5B9B}.Release|Any CPU.Build.0 = Release|Any CPU
	EndGlobalSection
	GlobalSection(SolutionProperties) = preSolution
		HideSolutionNode = FALSE
	EndGlobalSection
	GlobalSection(MonoDevelopProperties) = preSolution
		StartupItem = Assembly-CSharp.csproj
	EndGlobalSection
EndGlobal
